// !$*UTF8*$!
{
	archiveVersion = 1;
	classes = {
	};
	objectVersion = 46;
	objects = {

/* Begin PBXBuildFile section */
		3E18982819EE9FE800804CCC /* Foundation.framework in Frameworks */ = {isa = PBXBuildFile; fileRef = 3E18982719EE9FE800804CCC /* Foundation.framework */; };
		3E18982A19EE9FE800804CCC /* CoreGraphics.framework in Frameworks */ = {isa = PBXBuildFile; fileRef = 3E18982919EE9FE800804CCC /* CoreGraphics.framework */; };
		3E18982C19EE9FE800804CCC /* UIKit.framework in Frameworks */ = {isa = PBXBuildFile; fileRef = 3E18982B19EE9FE800804CCC /* UIKit.framework */; };
		3E18983219EE9FE800804CCC /* InfoPlist.strings in Resources */ = {isa = PBXBuildFile; fileRef = 3E18983019EE9FE800804CCC /* InfoPlist.strings */; };
		3E18983419EE9FE800804CCC /* main.m in Sources */ = {isa = PBXBuildFile; fileRef = 3E18983319EE9FE800804CCC /* main.m */; };
		3E18983819EE9FE800804CCC /* YAAppDelegate.m in Sources */ = {isa = PBXBuildFile; fileRef = 3E18983719EE9FE800804CCC /* YAAppDelegate.m */; };
		3E18983B19EE9FE800804CCC /* Main.storyboard in Resources */ = {isa = PBXBuildFile; fileRef = 3E18983919EE9FE800804CCC /* Main.storyboard */; };
		3E18983E19EE9FE800804CCC /* YAViewController.m in Sources */ = {isa = PBXBuildFile; fileRef = 3E18983D19EE9FE800804CCC /* YAViewController.m */; };
		3E18984019EE9FE800804CCC /* Images.xcassets in Resources */ = {isa = PBXBuildFile; fileRef = 3E18983F19EE9FE800804CCC /* Images.xcassets */; };
		3E18984719EE9FE800804CCC /* XCTest.framework in Frameworks */ = {isa = PBXBuildFile; fileRef = 3E18984619EE9FE800804CCC /* XCTest.framework */; };
		3E18984819EE9FE800804CCC /* Foundation.framework in Frameworks */ = {isa = PBXBuildFile; fileRef = 3E18982719EE9FE800804CCC /* Foundation.framework */; };
		3E18984919EE9FE800804CCC /* UIKit.framework in Frameworks */ = {isa = PBXBuildFile; fileRef = 3E18982B19EE9FE800804CCC /* UIKit.framework */; };
		3E18985119EE9FE800804CCC /* InfoPlist.strings in Resources */ = {isa = PBXBuildFile; fileRef = 3E18984F19EE9FE800804CCC /* InfoPlist.strings */; };
		3E18985319EE9FE800804CCC /* YACorePlotBlogTests.m in Sources */ = {isa = PBXBuildFile; fileRef = 3E18985219EE9FE800804CCC /* YACorePlotBlogTests.m */; };
/* End PBXBuildFile section */

/* Begin PBXContainerItemProxy section */
		3E18984A19EE9FE800804CCC /* PBXContainerItemProxy */ = {
			isa = PBXContainerItemProxy;
			containerPortal = 3E18981C19EE9FE800804CCC /* Project object */;
			proxyType = 1;
			remoteGlobalIDString = 3E18982319EE9FE800804CCC;
			remoteInfo = YACorePlotBlog;
		};
/* End PBXContainerItemProxy section */

/* Begin PBXFileReference section */
		3E18982419EE9FE800804CCC /* YACorePlotBlog.app */ = {isa = PBXFileReference; explicitFileType = wrapper.application; includeInIndex = 0; path = YACorePlotBlog.app; sourceTree = BUILT_PRODUCTS_DIR; };
		3E18982719EE9FE800804CCC /* Foundation.framework */ = {isa = PBXFileReference; lastKnownFileType = wrapper.framework; name = Foundation.framework; path = System/Library/Frameworks/Foundation.framework; sourceTree = SDKROOT; };
		3E18982919EE9FE800804CCC /* CoreGraphics.framework */ = {isa = PBXFileReference; lastKnownFileType = wrapper.framework; name = CoreGraphics.framework; path = System/Library/Frameworks/CoreGraphics.framework; sourceTree = SDKROOT; };
		3E18982B19EE9FE800804CCC /* UIKit.framework */ = {isa = PBXFileReference; lastKnownFileType = wrapper.framework; name = UIKit.framework; path = System/Library/Frameworks/UIKit.framework; sourceTree = SDKROOT; };
		3E18982F19EE9FE800804CCC /* YACorePlotBlog-Info.plist */ = {isa = PBXFileReference; lastKnownFileType = text.plist.xml; path = "YACorePlotBlog-Info.plist"; sourceTree = "<group>"; };
		3E18983119EE9FE800804CCC /* en */ = {isa = PBXFileReference; lastKnownFileType = text.plist.strings; name = en; path = en.lproj/InfoPlist.strings; sourceTree = "<group>"; };
		3E18983319EE9FE800804CCC /* main.m */ = {isa = PBXFileReference; lastKnownFileType = sourcecode.c.objc; path = main.m; sourceTree = "<group>"; };
		3E18983519EE9FE800804CCC /* YACorePlotBlog-Prefix.pch */ = {isa = PBXFileReference; lastKnownFileType = sourcecode.c.h; path = "YACorePlotBlog-Prefix.pch"; sourceTree = "<group>"; };
		3E18983619EE9FE800804CCC /* YAAppDelegate.h */ = {isa = PBXFileReference; lastKnownFileType = sourcecode.c.h; path = YAAppDelegate.h; sourceTree = "<group>"; };
		3E18983719EE9FE800804CCC /* YAAppDelegate.m */ = {isa = PBXFileReference; lastKnownFileType = sourcecode.c.objc; path = YAAppDelegate.m; sourceTree = "<group>"; };
		3E18983A19EE9FE800804CCC /* Base */ = {isa = PBXFileReference; lastKnownFileType = file.storyboard; name = Base; path = Base.lproj/Main.storyboard; sourceTree = "<group>"; };
		3E18983C19EE9FE800804CCC /* YAViewController.h */ = {isa = PBXFileReference; lastKnownFileType = sourcecode.c.h; path = YAViewController.h; sourceTree = "<group>"; };
		3E18983D19EE9FE800804CCC /* YAViewController.m */ = {isa = PBXFileReference; lastKnownFileType = sourcecode.c.objc; path = YAViewController.m; sourceTree = "<group>"; };
		3E18983F19EE9FE800804CCC /* Images.xcassets */ = {isa = PBXFileReference; lastKnownFileType = folder.assetcatalog; path = Images.xcassets; sourceTree = "<group>"; };
		3E18984519EE9FE800804CCC /* YACorePlotBlogTests.xctest */ = {isa = PBXFileReference; explicitFileType = wrapper.cfbundle; includeInIndex = 0; path = YACorePlotBlogTests.xctest; sourceTree = BUILT_PRODUCTS_DIR; };
		3E18984619EE9FE800804CCC /* XCTest.framework */ = {isa = PBXFileReference; lastKnownFileType = wrapper.framework; name = XCTest.framework; path = Library/Frameworks/XCTest.framework; sourceTree = DEVELOPER_DIR; };
		3E18984E19EE9FE800804CCC /* YACorePlotBlogTests-Info.plist */ = {isa = PBXFileReference; lastKnownFileType = text.plist.xml; path = "YACorePlotBlogTests-Info.plist"; sourceTree = "<group>"; };
		3E18985019EE9FE800804CCC /* en */ = {isa = PBXFileReference; lastKnownFileType = text.plist.strings; name = en; path = en.lproj/InfoPlist.strings; sourceTree = "<group>"; };
		3E18985219EE9FE800804CCC /* YACorePlotBlogTests.m */ = {isa = PBXFileReference; lastKnownFileType = sourcecode.c.objc; path = YACorePlotBlogTests.m; sourceTree = "<group>"; };
/* End PBXFileReference section */

/* Begin PBXFrameworksBuildPhase section */
		3E18982119EE9FE800804CCC /* Frameworks */ = {
			isa = PBXFrameworksBuildPhase;
			buildActionMask = 2147483647;
			files = (
				3E18982A19EE9FE800804CCC /* CoreGraphics.framework in Frameworks */,
				3E18982C19EE9FE800804CCC /* UIKit.framework in Frameworks */,
				3E18982819EE9FE800804CCC /* Foundation.framework in Frameworks */,
			);
			runOnlyForDeploymentPostprocessing = 0;
		};
		3E18984219EE9FE800804CCC /* Frameworks */ = {
			isa = PBXFrameworksBuildPhase;
			buildActionMask = 2147483647;
			files = (
				3E18984719EE9FE800804CCC /* XCTest.framework in Frameworks */,
				3E18984919EE9FE800804CCC /* UIKit.framework in Frameworks */,
				3E18984819EE9FE800804CCC /* Foundation.framework in Frameworks */,
			);
			runOnlyForDeploymentPostprocessing = 0;
		};
/* End PBXFrameworksBuildPhase section */

/* Begin PBXGroup section */
		3E18981B19EE9FE800804CCC = {
			isa = PBXGroup;
			children = (
				3E18982D19EE9FE800804CCC /* YACorePlotBlog */,
				3E18984C19EE9FE800804CCC /* YACorePlotBlogTests */,
				3E18982619EE9FE800804CCC /* Frameworks */,
				3E18982519EE9FE800804CCC /* Products */,
			);
			sourceTree = "<group>";
		};
		3E18982519EE9FE800804CCC /* Products */ = {
			isa = PBXGroup;
			children = (
				3E18982419EE9FE800804CCC /* YACorePlotBlog.app */,
				3E18984519EE9FE800804CCC /* YACorePlotBlogTests.xctest */,
			);
			name = Products;
			sourceTree = "<group>";
		};
		3E18982619EE9FE800804CCC /* Frameworks */ = {
			isa = PBXGroup;
			children = (
				3E18982719EE9FE800804CCC /* Foundation.framework */,
				3E18982919EE9FE800804CCC /* CoreGraphics.framework */,
				3E18982B19EE9FE800804CCC /* UIKit.framework */,
				3E18984619EE9FE800804CCC /* XCTest.framework */,
			);
			name = Frameworks;
			sourceTree = "<group>";
		};
		3E18982D19EE9FE800804CCC /* YACorePlotBlog */ = {
			isa = PBXGroup;
			children = (
				3E18983619EE9FE800804CCC /* YAAppDelegate.h */,
				3E18983719EE9FE800804CCC /* YAAppDelegate.m */,
				3E18983919EE9FE800804CCC /* Main.storyboard */,
				3E18983C19EE9FE800804CCC /* YAViewController.h */,
				3E18983D19EE9FE800804CCC /* YAViewController.m */,
				3E18983F19EE9FE800804CCC /* Images.xcassets */,
				3E18982E19EE9FE800804CCC /* Supporting Files */,
			);
			path = YACorePlotBlog;
			sourceTree = "<group>";
		};
		3E18982E19EE9FE800804CCC /* Supporting Files */ = {
			isa = PBXGroup;
			children = (
				3E18982F19EE9FE800804CCC /* YACorePlotBlog-Info.plist */,
				3E18983019EE9FE800804CCC /* InfoPlist.strings */,
				3E18983319EE9FE800804CCC /* main.m */,
				3E18983519EE9FE800804CCC /* YACorePlotBlog-Prefix.pch */,
			);
			name = "Supporting Files";
			sourceTree = "<group>";
		};
		3E18984C19EE9FE800804CCC /* YACorePlotBlogTests */ = {
			isa = PBXGroup;
			children = (
				3E18985219EE9FE800804CCC /* YACorePlotBlogTests.m */,
				3E18984D19EE9FE800804CCC /* Supporting Files */,
			);
			path = YACorePlotBlogTests;
			sourceTree = "<group>";
		};
		3E18984D19EE9FE800804CCC /* Supporting Files */ = {
			isa = PBXGroup;
			children = (
				3E18984E19EE9FE800804CCC /* YACorePlotBlogTests-Info.plist */,
				3E18984F19EE9FE800804CCC /* InfoPlist.strings */,
			);
			name = "Supporting Files";
			sourceTree = "<group>";
		};
/* End PBXGroup section */

/* Begin PBXNativeTarget section */
		3E18982319EE9FE800804CCC /* YACorePlotBlog */ = {
			isa = PBXNativeTarget;
			buildConfigurationList = 3E18985619EE9FE800804CCC /* Build configuration list for PBXNativeTarget "YACorePlotBlog" */;
			buildPhases = (
				3E18982019EE9FE800804CCC /* Sources */,
				3E18982119EE9FE800804CCC /* Frameworks */,
				3E18982219EE9FE800804CCC /* Resources */,
			);
			buildRules = (
			);
			dependencies = (
			);
			name = YACorePlotBlog;
			productName = YACorePlotBlog;
			productReference = 3E18982419EE9FE800804CCC /* YACorePlotBlog.app */;
			productType = "com.apple.product-type.application";
		};
		3E18984419EE9FE800804CCC /* YACorePlotBlogTests */ = {
			isa = PBXNativeTarget;
			buildConfigurationList = 3E18985919EE9FE800804CCC /* Build configuration list for PBXNativeTarget "YACorePlotBlogTests" */;
			buildPhases = (
				3E18984119EE9FE800804CCC /* Sources */,
				3E18984219EE9FE800804CCC /* Frameworks */,
				3E18984319EE9FE800804CCC /* Resources */,
			);
			buildRules = (
			);
			dependencies = (
				3E18984B19EE9FE800804CCC /* PBXTargetDependency */,
			);
			name = YACorePlotBlogTests;
			productName = YACorePlotBlogTests;
			productReference = 3E18984519EE9FE800804CCC /* YACorePlotBlogTests.xctest */;
			productType = "com.apple.product-type.bundle.unit-test";
		};
/* End PBXNativeTarget section */

/* Begin PBXProject section */
		3E18981C19EE9FE800804CCC /* Project object */ = {
			isa = PBXProject;
			attributes = {
				CLASSPREFIX = YA;
				LastUpgradeCheck = 0510;
				ORGANIZATIONNAME = Yalantis;
				TargetAttributes = {
					3E18984419EE9FE800804CCC = {
						TestTargetID = 3E18982319EE9FE800804CCC;
					};
				};
			};
			buildConfigurationList = 3E18981F19EE9FE800804CCC /* Build configuration list for PBXProject "YACorePlotBlog" */;
			compatibilityVersion = "Xcode 3.2";
			developmentRegion = English;
			hasScannedForEncodings = 0;
			knownRegions = (
				en,
				Base,
			);
			mainGroup = 3E18981B19EE9FE800804CCC;
			productRefGroup = 3E18982519EE9FE800804CCC /* Products */;
			projectDirPath = "";
			projectRoot = "";
			targets = (
				3E18982319EE9FE800804CCC /* YACorePlotBlog */,
				3E18984419EE9FE800804CCC /* YACorePlotBlogTests */,
			);
		};
/* End PBXProject section */

/* Begin PBXResourcesBuildPhase section */
		3E18982219EE9FE800804CCC /* Resources */ = {
			isa = PBXResourcesBuildPhase;
			buildActionMask = 2147483647;
			files = (
				3E18984019EE9FE800804CCC /* Images.xcassets in Resources */,
				3E18983219EE9FE800804CCC /* InfoPlist.strings in Resources */,
				3E18983B19EE9FE800804CCC /* Main.storyboard in Resources */,
			);
			runOnlyForDeploymentPostprocessing = 0;
		};
		3E18984319EE9FE800804CCC /* Resources */ = {
			isa = PBXResourcesBuildPhase;
			buildActionMask = 2147483647;
			files = (
				3E18985119EE9FE800804CCC /* InfoPlist.strings in Resources */,
			);
			runOnlyForDeploymentPostprocessing = 0;
		};
/* End PBXResourcesBuildPhase section */

/* Begin PBXSourcesBuildPhase section */
		3E18982019EE9FE800804CCC /* Sources */ = {
			isa = PBXSourcesBuildPhase;
			buildActionMask = 2147483647;
			files = (
				3E18983819EE9FE800804CCC /* YAAppDelegate.m in Sources */,
				3E18983E19EE9FE800804CCC /* YAViewController.m in Sources */,
				3E18983419EE9FE800804CCC /* main.m in Sources */,
			);
			runOnlyForDeploymentPostprocessing = 0;
		};
		3E18984119EE9FE800804CCC /* Sources */ = {
			isa = PBXSourcesBuildPhase;
			buildActionMask = 2147483647;
			files = (
				3E18985319EE9FE800804CCC /* YACorePlotBlogTests.m in Sources */,
			);
			runOnlyForDeploymentPostprocessing = 0;
		};
/* End PBXSourcesBuildPhase section */

/* Begin PBXTargetDependency section */
		3E18984B19EE9FE800804CCC /* PBXTargetDependency */ = {
			isa = PBXTargetDependency;
			target = 3E18982319EE9FE800804CCC /* YACorePlotBlog */;
			targetProxy = 3E18984A19EE9FE800804CCC /* PBXContainerItemProxy */;
		};
/* End PBXTargetDependency section */

/* Begin PBXVariantGroup section */
		3E18983019EE9FE800804CCC /* InfoPlist.strings */ = {
			isa = PBXVariantGroup;
			children = (
				3E18983119EE9FE800804CCC /* en */,
			);
			name = InfoPlist.strings;
			sourceTree = "<group>";
		};
		3E18983919EE9FE800804CCC /* Main.storyboard */ = {
			isa = PBXVariantGroup;
			children = (
				3E18983A19EE9FE800804CCC /* Base */,
			);
			name = Main.storyboard;
			sourceTree = "<group>";
		};
		3E18984F19EE9FE800804CCC /* InfoPlist.strings */ = {
			isa = PBXVariantGroup;
			children = (
				3E18985019EE9FE800804CCC /* en */,
			);
			name = InfoPlist.strings;
			sourceTree = "<group>";
		};
/* End PBXVariantGroup section */

/* Begin XCBuildConfiguration section */
		3E18985419EE9FE800804CCC /* Debug */ = {
			isa = XCBuildConfiguration;
			buildSettings = {
				ALWAYS_SEARCH_USER_PATHS = NO;
				CLANG_CXX_LANGUAGE_STANDARD = "gnu++0x";
				CLANG_CXX_LIBRARY = "libc++";
				CLANG_ENABLE_MODULES = YES;
				CLANG_ENABLE_OBJC_ARC = YES;
				CLANG_WARN_BOOL_CONVERSION = YES;
				CLANG_WARN_CONSTANT_CONVERSION = YES;
				CLANG_WARN_DIRECT_OBJC_ISA_USAGE = YES_ERROR;
				CLANG_WARN_EMPTY_BODY = YES;
				CLANG_WARN_ENUM_CONVERSION = YES;
				CLANG_WARN_INT_CONVERSION = YES;
				CLANG_WARN_OBJC_ROOT_CLASS = YES_ERROR;
				CLANG_WARN__DUPLICATE_METHOD_MATCH = YES;
				"CODE_SIGN_IDENTITY[sdk=iphoneos*]" = "iPhone Developer";
				COPY_PHASE_STRIP = NO;
				GCC_C_LANGUAGE_STANDARD = gnu99;
				GCC_DYNAMIC_NO_PIC = NO;
				GCC_OPTIMIZATION_LEVEL = 0;
				GCC_PREPROCESSOR_DEFINITIONS = (
					"DEBUG=1",
					"$(inherited)",
				);
				GCC_SYMBOLS_PRIVATE_EXTERN = NO;
				GCC_WARN_64_TO_32_BIT_CONVERSION = YES;
				GCC_WARN_ABOUT_RETURN_TYPE = YES_ERROR;
				GCC_WARN_UNDECLARED_SELECTOR = YES;
				GCC_WARN_UNINITIALIZED_AUTOS = YES_AGGRESSIVE;
				GCC_WARN_UNUSED_FUNCTION = YES;
				GCC_WARN_UNUSED_VARIABLE = YES;
				IPHONEOS_DEPLOYMENT_TARGET = 7.1;
				ONLY_ACTIVE_ARCH = YES;
				SDKROOT = iphoneos;
			};
			name = Debug;
		};
		3E18985519EE9FE800804CCC /* Release */ = {
			isa = XCBuildConfiguration;
			buildSettings = {
				ALWAYS_SEARCH_USER_PATHS = NO;
				CLANG_CXX_LANGUAGE_STANDARD = "gnu++0x";
				CLANG_CXX_LIBRARY = "libc++";
				CLANG_ENABLE_MODULES = YES;
				CLANG_ENABLE_OBJC_ARC = YES;
				CLANG_WARN_BOOL_CONVERSION = YES;
				CLANG_WARN_CONSTANT_CONVERSION = YES;
				CLANG_WARN_DIRECT_OBJC_ISA_USAGE = YES_ERROR;
				CLANG_WARN_EMPTY_BODY = YES;
				CLANG_WARN_ENUM_CONVERSION = YES;
				CLANG_WARN_INT_CONVERSION = YES;
				CLANG_WARN_OBJC_ROOT_CLASS = YES_ERROR;
				CLANG_WARN__DUPLICATE_METHOD_MATCH = YES;
				"CODE_SIGN_IDENTITY[sdk=iphoneos*]" = "iPhone Developer";
				COPY_PHASE_STRIP = YES;
				ENABLE_NS_ASSERTIONS = NO;
				GCC_C_LANGUAGE_STANDARD = gnu99;
				GCC_WARN_64_TO_32_BIT_CONVERSION = YES;
				GCC_WARN_ABOUT_RETURN_TYPE = YES_ERROR;
				GCC_WARN_UNDECLARED_SELECTOR = YES;
				GCC_WARN_UNINITIALIZED_AUTOS = YES_AGGRESSIVE;
				GCC_WARN_UNUSED_FUNCTION = YES;
				GCC_WARN_UNUSED_VARIABLE = YES;
				IPHONEOS_DEPLOYMENT_TARGET = 7.1;
				SDKROOT = iphoneos;
				VALIDATE_PRODUCT = YES;
			};
			name = Release;
		};
		3E18985719EE9FE800804CCC /* Debug */ = {
			isa = XCBuildConfiguration;
			buildSettings = {
				ASSETCATALOG_COMPILER_APPICON_NAME = AppIcon;
				ASSETCATALOG_COMPILER_LAUNCHIMAGE_NAME = LaunchImage;
				GCC_PRECOMPILE_PREFIX_HEADER = YES;
				GCC_PREFIX_HEADER = "YACorePlotBlog/YACorePlotBlog-Prefix.pch";
				INFOPLIST_FILE = "YACorePlotBlog/YACorePlotBlog-Info.plist";
				PRODUCT_NAME = "$(TARGET_NAME)";
				WRAPPER_EXTENSION = app;
			};
			name = Debug;
		};
		3E18985819EE9FE800804CCC /* Release */ = {
			isa = XCBuildConfiguration;
			buildSettings = {
				ASSETCATALOG_COMPILER_APPICON_NAME = AppIcon;
				ASSETCATALOG_COMPILER_LAUNCHIMAGE_NAME = LaunchImage;
				GCC_PRECOMPILE_PREFIX_HEADER = YES;
				GCC_PREFIX_HEADER = "YACorePlotBlog/YACorePlotBlog-Prefix.pch";
				INFOPLIST_FILE = "YACorePlotBlog/YACorePlotBlog-Info.plist";
				PRODUCT_NAME = "$(TARGET_NAME)";
				WRAPPER_EXTENSION = app;
			};
			name = Release;
		};
		3E18985A19EE9FE800804CCC /* Debug */ = {
			isa = XCBuildConfiguration;
			buildSettings = {
				BUNDLE_LOADER = "$(BUILT_PRODUCTS_DIR)/YACorePlotBlog.app/YACorePlotBlog";
				FRAMEWORK_SEARCH_PATHS = (
					"$(SDKROOT)/Developer/Library/Frameworks",
					"$(inherited)",
					"$(DEVELOPER_FRAMEWORKS_DIR)",
				);
				GCC_PRECOMPILE_PREFIX_HEADER = YES;
				GCC_PREFIX_HEADER = "YACorePlotBlog/YACorePlotBlog-Prefix.pch";
				GCC_PREPROCESSOR_DEFINITIONS = (
					"DEBUG=1",
					"$(inherited)",
				);
				INFOPLIST_FILE = "YACorePlotBlogTests/YACorePlotBlogTests-Info.plist";
				PRODUCT_NAME = "$(TARGET_NAME)";
				TEST_HOST = "$(BUNDLE_LOADER)";
				WRAPPER_EXTENSION = xctest;
			};
			name = Debug;
		};
		3E18985B19EE9FE800804CCC /* Release */ = {
			isa = XCBuildConfiguration;
			buildSettings = {
				BUNDLE_LOADER = "$(BUILT_PRODUCTS_DIR)/YACorePlotBlog.app/YACorePlotBlog";
				FRAMEWORK_SEARCH_PATHS = (
					"$(SDKROOT)/Developer/Library/Frameworks",
					"$(inherited)",
					"$(DEVELOPER_FRAMEWORKS_DIR)",
				);
				GCC_PRECOMPILE_PREFIX_HEADER = YES;
				GCC_PREFIX_HEADER = "YACorePlotBlog/YACorePlotBlog-Prefix.pch";
				INFOPLIST_FILE = "YACorePlotBlogTests/YACorePlotBlogTests-Info.plist";
				PRODUCT_NAME = "$(TARGET_NAME)";
				TEST_HOST = "$(BUNDLE_LOADER)";
				WRAPPER_EXTENSION = xctest;
			};
			name = Release;
		};
/* End XCBuildConfiguration section */

/* Begin XCConfigurationList section */
		3E18981F19EE9FE800804CCC /* Build configuration list for PBXProject "YACorePlotBlog" */ = {
			isa = XCConfigurationList;
			buildConfigurations = (
				3E18985419EE9FE800804CCC /* Debug */,
				3E18985519EE9FE800804CCC /* Release */,
			);
			defaultConfigurationIsVisible = 0;
			defaultConfigurationName = Release;
		};
		3E18985619EE9FE800804CCC /* Build configuration list for PBXNativeTarget "YACorePlotBlog" */ = {
			isa = XCConfigurationList;
			buildConfigurations = (
				3E18985719EE9FE800804CCC /* Debug */,
				3E18985819EE9FE800804CCC /* Release */,
			);
			defaultConfigurationIsVisible = 0;
		};
		3E18985919EE9FE800804CCC /* Build configuration list for PBXNativeTarget "YACorePlotBlogTests" */ = {
			isa = XCConfigurationList;
			buildConfigurations = (
				3E18985A19EE9FE800804CCC /* Debug */,
				3E18985B19EE9FE800804CCC /* Release */,
			);
			defaultConfigurationIsVisible = 0;
		};
/* End XCConfigurationList section */
	};
	rootObject = 3E18981C19EE9FE800804CCC /* Project object */;
}
